
Microsoft Visual Studio Solution File, Format Version 12.00
# Visual Studio 2013
VisualStudioVersion = 12.0.21005.1
MinimumVisualStudioVersion = 10.0.40219.1
Project("{FAE04EC0-301F-11D3-BF4B-00C04F79EFBC}") = "MelsecProtocolTest", "MelsecProtocolTest.csproj", "{A48921D0-2DBB-4022-8728-0BB69E0E9027}"
EndProject
Global
	GlobalSection(SolutionConfigurationPlatforms) = preSolution
		Debug|Any CPU = Debug|Any CPU
		Release|Any CPU = Release|Any CPU
	EndGlobalSection
	GlobalSection(ProjectConfigurationPlatforms) = postSolution
		{A48921D0-2DBB-4022-8728-0BB69E0E9027}.Debug|Any CPU.ActiveCfg = Debug|Any CPU
		{A48921D0-2DBB-4022-8728-0BB69E0E9027}.Debug|Any CPU.Build.0 = Debug|Any CPU
		{A48921D0-2DBB-4022-8728-0BB69E0E9027}.Release|Any CPU.ActiveCfg = Release|Any CPU
		{A48921D0-2DBB-4022-8728-0BB69E0E9027}.Release|Any CPU.Build.0 = Release|Any CPU
	EndGlobalSection
	GlobalSection(SolutionProperties) = preSolution
		HideSolutionNode = FALSE
	EndGlobalSection
EndGlobal
